
Microsoft Visual Studio Solution File, Format Version 12.00
# Visual Studio Version 17
VisualStudioVersion = 17.14.36310.24
MinimumVisualStudioVersion = 10.0.40219.1
Project("{8BC9CEB8-8B4A-11D0-8D11-00A0C91BC942}") = "CppHomework", "CppHomework\CppHomework.vcxproj", "{3E8574DE-5DF1-460C-9971-F7E5D2CF084A}"
EndProject
Project("{2150E333-8FDC-42A3-9474-1A3956D46DE8}") = "솔루션 항목", "솔루션 항목", "{2A3A057F-5D22-31FD-628C-DF5EF75AEF1E}"
	ProjectSection(SolutionItems) = preProject
		CppHomework\tessdata\eng.traineddata = CppHomework\tessdata\eng.traineddata
		CppHomework\tessdata\jpn.traineddata = CppHomework\tessdata\jpn.traineddata
	EndProjectSection
EndProject
Global
	GlobalSection(SolutionConfigurationPlatforms) = preSolution
		Debug|x64 = Debug|x64
		Debug|x86 = Debug|x86
		Release|x64 = Release|x64
		Release|x86 = Release|x86
	EndGlobalSection
	GlobalSection(ProjectConfigurationPlatforms) = postSolution
		{3E8574DE-5DF1-460C-9971-F7E5D2CF084A}.Debug|x64.ActiveCfg = Debug|x64
		{3E8574DE-5DF1-460C-9971-F7E5D2CF084A}.Debug|x64.Build.0 = Debug|x64
		{3E8574DE-5DF1-460C-9971-F7E5D2CF084A}.Debug|x86.ActiveCfg = Debug|Win32
		{3E8574DE-5DF1-460C-9971-F7E5D2CF084A}.Debug|x86.Build.0 = Debug|Win32
		{3E8574DE-5DF1-460C-9971-F7E5D2CF084A}.Release|x64.ActiveCfg = Release|x64
		{3E8574DE-5DF1-460C-9971-F7E5D2CF084A}.Release|x64.Build.0 = Release|x64
		{3E8574DE-5DF1-460C-9971-F7E5D2CF084A}.Release|x86.ActiveCfg = Release|Win32
		{3E8574DE-5DF1-460C-9971-F7E5D2CF084A}.Release|x86.Build.0 = Release|Win32
	EndGlobalSection
	GlobalSection(SolutionProperties) = preSolution
		HideSolutionNode = FALSE
	EndGlobalSection
	GlobalSection(ExtensibilityGlobals) = postSolution
		SolutionGuid = {BE0C7039-5C7C-4BD5-BC70-CA74FB81865C}
	EndGlobalSection
EndGlobal
